// !$*UTF8*$!
{
	archiveVersion = 1;
	classes = {
	};
	objectVersion = 56;
	objects = {

/* Begin PBXBuildFile section */
		6127BAB80675444E42A33801 /* Pods_Pokemon_App.framework in Frameworks */ = {isa = PBXBuildFile; fileRef = 884AC83A52F446A0C02D6F63 /* Pods_Pokemon_App.framework */; };
		6F6FA8A42C60C7AD0034E332 /* AppDelegate.swift in Sources */ = {isa = PBXBuildFile; fileRef = 6F6FA8A32C60C7AD0034E332 /* AppDelegate.swift */; };
		6F6FA8A62C60C7AD0034E332 /* SceneDelegate.swift in Sources */ = {isa = PBXBuildFile; fileRef = 6F6FA8A52C60C7AD0034E332 /* SceneDelegate.swift */; };
		6F6FA8A82C60C7AD0034E332 /* ViewController.swift in Sources */ = {isa = PBXBuildFile; fileRef = 6F6FA8A72C60C7AD0034E332 /* ViewController.swift */; };
		6F6FA8AB2C60C7AD0034E332 /* Base in Resources */ = {isa = PBXBuildFile; fileRef = 6F6FA8AA2C60C7AD0034E332 /* Base */; };
		6F6FA8AD2C60C7AF0034E332 /* Assets.xcassets in Resources */ = {isa = PBXBuildFile; fileRef = 6F6FA8AC2C60C7AF0034E332 /* Assets.xcassets */; };
		6F6FA8BB2C60C7AF0034E332 /* Pokemon_AppTests.swift in Sources */ = {isa = PBXBuildFile; fileRef = 6F6FA8BA2C60C7AF0034E332 /* Pokemon_AppTests.swift */; };
		6F6FA8C52C60C7AF0034E332 /* Pokemon_AppUITests.swift in Sources */ = {isa = PBXBuildFile; fileRef = 6F6FA8C42C60C7AF0034E332 /* Pokemon_AppUITests.swift */; };
		6F6FA8C72C60C7AF0034E332 /* Pokemon_AppUITestsLaunchTests.swift in Sources */ = {isa = PBXBuildFile; fileRef = 6F6FA8C62C60C7AF0034E332 /* Pokemon_AppUITestsLaunchTests.swift */; };
		6F6FA8D42C60C9EF0034E332 /* TableViewCell.swift in Sources */ = {isa = PBXBuildFile; fileRef = 6F6FA8D32C60C9EF0034E332 /* TableViewCell.swift */; };
		6F6FA8D62C60CB0D0034E332 /* DetailsView.swift in Sources */ = {isa = PBXBuildFile; fileRef = 6F6FA8D52C60CB0D0034E332 /* DetailsView.swift */; };
		6F818D832C6334FA00FE4783 /* SplashScreen.swift in Sources */ = {isa = PBXBuildFile; fileRef = 6F818D822C6334FA00FE4783 /* SplashScreen.swift */; };
		6F85D86D2C634876003D95E7 /* CollectionViewCell.swift in Sources */ = {isa = PBXBuildFile; fileRef = 6F85D86C2C634876003D95E7 /* CollectionViewCell.swift */; };
		6FD7252C2C66490F0030DA5E /* Poke_Main_logo.gif in Resources */ = {isa = PBXBuildFile; fileRef = 6FD7252B2C66490F0030DA5E /* Poke_Main_logo.gif */; };
		6FE522D02C63A0A0003E2F05 /* Pikachu_Logo.gif in Resources */ = {isa = PBXBuildFile; fileRef = 6FE522CF2C63A0A0003E2F05 /* Pikachu_Logo.gif */; };
		6FF69F0E2C64C3A500C3714D /* No Internet.gif in Resources */ = {isa = PBXBuildFile; fileRef = 6FF69F0D2C64C3A500C3714D /* No Internet.gif */; };
		6FF69F0F2C64C44600C3714D /* NetworkReach.swift in Sources */ = {isa = PBXBuildFile; fileRef = 6FF69F092C64C22C00C3714D /* NetworkReach.swift */; };
		6FF69F112C64CE4A00C3714D /* CheckNetwork.swift in Sources */ = {isa = PBXBuildFile; fileRef = 6FF69F102C64CE4A00C3714D /* CheckNetwork.swift */; };
		6FF69F132C64CF8100C3714D /* NoNet.swift in Sources */ = {isa = PBXBuildFile; fileRef = 6FF69F122C64CF8100C3714D /* NoNet.swift */; };
		6FF69F232C64F09E00C3714D /* ViewControllerTest.swift in Sources */ = {isa = PBXBuildFile; fileRef = 6FF69F222C64F09E00C3714D /* ViewControllerTest.swift */; };
		6FF69F252C65D15500C3714D /* DetailViewTest.swift in Sources */ = {isa = PBXBuildFile; fileRef = 6FF69F242C65D15500C3714D /* DetailViewTest.swift */; };
		A3D5B8FF44B1CCA628F491C9 /* Pods_Pokemon_AppTests.framework in Frameworks */ = {isa = PBXBuildFile; fileRef = 7E37499F944B0649089A4641 /* Pods_Pokemon_AppTests.framework */; };
		F755199260E680B566C9FECB /* Pods_Pokemon_App_Pokemon_AppUITests.framework in Frameworks */ = {isa = PBXBuildFile; fileRef = C39C1482024EA14EF16A29EF /* Pods_Pokemon_App_Pokemon_AppUITests.framework */; };
/* End PBXBuildFile section */

/* Begin PBXContainerItemProxy section */
		6F6FA8B72C60C7AF0034E332 /* PBXContainerItemProxy */ = {
			isa = PBXContainerItemProxy;
			containerPortal = 6F6FA8982C60C7AD0034E332 /* Project object */;
			proxyType = 1;
			remoteGlobalIDString = 6F6FA89F2C60C7AD0034E332;
			remoteInfo = Pokemon_App;
		};
		6F6FA8C12C60C7AF0034E332 /* PBXContainerItemProxy */ = {
			isa = PBXContainerItemProxy;
			containerPortal = 6F6FA8982C60C7AD0034E332 /* Project object */;
			proxyType = 1;
			remoteGlobalIDString = 6F6FA89F2C60C7AD0034E332;
			remoteInfo = Pokemon_App;
		};
/* End PBXContainerItemProxy section */

/* Begin PBXFileReference section */
		0BD31360EAEC7E979CFD64FC /* Pods-Pokemon_AppTests.release.xcconfig */ = {isa = PBXFileReference; includeInIndex = 1; lastKnownFileType = text.xcconfig; name = "Pods-Pokemon_AppTests.release.xcconfig"; path = "Target Support Files/Pods-Pokemon_AppTests/Pods-Pokemon_AppTests.release.xcconfig"; sourceTree = "<group>"; };
		40ED3F4DAB335F0645BE0968 /* Pods-Pokemon_App-Pokemon_AppUITests.release.xcconfig */ = {isa = PBXFileReference; includeInIndex = 1; lastKnownFileType = text.xcconfig; name = "Pods-Pokemon_App-Pokemon_AppUITests.release.xcconfig"; path = "Target Support Files/Pods-Pokemon_App-Pokemon_AppUITests/Pods-Pokemon_App-Pokemon_AppUITests.release.xcconfig"; sourceTree = "<group>"; };
		43C01C35E4345B10B678FAF3 /* Pods-Pokemon_AppTests.debug.xcconfig */ = {isa = PBXFileReference; includeInIndex = 1; lastKnownFileType = text.xcconfig; name = "Pods-Pokemon_AppTests.debug.xcconfig"; path = "Target Support Files/Pods-Pokemon_AppTests/Pods-Pokemon_AppTests.debug.xcconfig"; sourceTree = "<group>"; };
		50298E3DF5D87B8838C5CB82 /* Pods-Pokemon_App.release.xcconfig */ = {isa = PBXFileReference; includeInIndex = 1; lastKnownFileType = text.xcconfig; name = "Pods-Pokemon_App.release.xcconfig"; path = "Target Support Files/Pods-Pokemon_App/Pods-Pokemon_App.release.xcconfig"; sourceTree = "<group>"; };
		6F6FA8A02C60C7AD0034E332 /* Pokemon_App.app */ = {isa = PBXFileReference; explicitFileType = wrapper.application; includeInIndex = 0; path = Pokemon_App.app; sourceTree = BUILT_PRODUCTS_DIR; };
		6F6FA8A32C60C7AD0034E332 /* AppDelegate.swift */ = {isa = PBXFileReference; lastKnownFileType = sourcecode.swift; path = AppDelegate.swift; sourceTree = "<group>"; };
		6F6FA8A52C60C7AD0034E332 /* SceneDelegate.swift */ = {isa = PBXFileReference; lastKnownFileType = sourcecode.swift; path = SceneDelegate.swift; sourceTree = "<group>"; };
		6F6FA8A72C60C7AD0034E332 /* ViewController.swift */ = {isa = PBXFileReference; lastKnownFileType = sourcecode.swift; path = ViewController.swift; sourceTree = "<group>"; };
		6F6FA8AA2C60C7AD0034E332 /* Base */ = {isa = PBXFileReference; lastKnownFileType = file.storyboard; name = Base; path = Base.lproj/Main.storyboard; sourceTree = "<group>"; };
		6F6FA8AC2C60C7AF0034E332 /* Assets.xcassets */ = {isa = PBXFileReference; lastKnownFileType = folder.assetcatalog; path = Assets.xcassets; sourceTree = "<group>"; };
		6F6FA8B12C60C7AF0034E332 /* Info.plist */ = {isa = PBXFileReference; lastKnownFileType = text.plist.xml; path = Info.plist; sourceTree = "<group>"; };
		6F6FA8B62C60C7AF0034E332 /* Pokemon_AppTests.xctest */ = {isa = PBXFileReference; explicitFileType = wrapper.cfbundle; includeInIndex = 0; path = Pokemon_AppTests.xctest; sourceTree = BUILT_PRODUCTS_DIR; };
		6F6FA8BA2C60C7AF0034E332 /* Pokemon_AppTests.swift */ = {isa = PBXFileReference; lastKnownFileType = sourcecode.swift; path = Pokemon_AppTests.swift; sourceTree = "<group>"; };
		6F6FA8C02C60C7AF0034E332 /* Pokemon_AppUITests.xctest */ = {isa = PBXFileReference; explicitFileType = wrapper.cfbundle; includeInIndex = 0; path = Pokemon_AppUITests.xctest; sourceTree = BUILT_PRODUCTS_DIR; };
		6F6FA8C42C60C7AF0034E332 /* Pokemon_AppUITests.swift */ = {isa = PBXFileReference; lastKnownFileType = sourcecode.swift; path = Pokemon_AppUITests.swift; sourceTree = "<group>"; };
		6F6FA8C62C60C7AF0034E332 /* Pokemon_AppUITestsLaunchTests.swift */ = {isa = PBXFileReference; lastKnownFileType = sourcecode.swift; path = Pokemon_AppUITestsLaunchTests.swift; sourceTree = "<group>"; };
		6F6FA8D32C60C9EF0034E332 /* TableViewCell.swift */ = {isa = PBXFileReference; lastKnownFileType = sourcecode.swift; path = TableViewCell.swift; sourceTree = "<group>"; };
		6F6FA8D52C60CB0D0034E332 /* DetailsView.swift */ = {isa = PBXFileReference; lastKnownFileType = sourcecode.swift; path = DetailsView.swift; sourceTree = "<group>"; };
		6F818D822C6334FA00FE4783 /* SplashScreen.swift */ = {isa = PBXFileReference; lastKnownFileType = sourcecode.swift; path = SplashScreen.swift; sourceTree = "<group>"; };
		6F85D86C2C634876003D95E7 /* CollectionViewCell.swift */ = {isa = PBXFileReference; lastKnownFileType = sourcecode.swift; path = CollectionViewCell.swift; sourceTree = "<group>"; };
		6FD7252B2C66490F0030DA5E /* Poke_Main_logo.gif */ = {isa = PBXFileReference; lastKnownFileType = image.gif; name = Poke_Main_logo.gif; path = ../../../Poke_Main_logo.gif; sourceTree = "<group>"; };
		6FE522CF2C63A0A0003E2F05 /* Pikachu_Logo.gif */ = {isa = PBXFileReference; lastKnownFileType = image.gif; name = Pikachu_Logo.gif; path = ../../../Pikachu_Logo.gif; sourceTree = "<group>"; };
		6FF69F092C64C22C00C3714D /* NetworkReach.swift */ = {isa = PBXFileReference; lastKnownFileType = sourcecode.swift; path = NetworkReach.swift; sourceTree = "<group>"; };
		6FF69F0D2C64C3A500C3714D /* No Internet.gif */ = {isa = PBXFileReference; lastKnownFileType = image.gif; name = "No Internet.gif"; path = "../../../No Internet.gif"; sourceTree = "<group>"; };
		6FF69F102C64CE4A00C3714D /* CheckNetwork.swift */ = {isa = PBXFileReference; lastKnownFileType = sourcecode.swift; path = CheckNetwork.swift; sourceTree = "<group>"; };
		6FF69F122C64CF8100C3714D /* NoNet.swift */ = {isa = PBXFileReference; lastKnownFileType = sourcecode.swift; path = NoNet.swift; sourceTree = "<group>"; };
		6FF69F222C64F09E00C3714D /* ViewControllerTest.swift */ = {isa = PBXFileReference; lastKnownFileType = sourcecode.swift; path = ViewControllerTest.swift; sourceTree = "<group>"; };
		6FF69F242C65D15500C3714D /* DetailViewTest.swift */ = {isa = PBXFileReference; lastKnownFileType = sourcecode.swift; path = DetailViewTest.swift; sourceTree = "<group>"; };
		7E37499F944B0649089A4641 /* Pods_Pokemon_AppTests.framework */ = {isa = PBXFileReference; explicitFileType = wrapper.framework; includeInIndex = 0; path = Pods_Pokemon_AppTests.framework; sourceTree = BUILT_PRODUCTS_DIR; };
		804BDBBAD0C5B54D2807BF75 /* Pods-Pokemon_App.debug.xcconfig */ = {isa = PBXFileReference; includeInIndex = 1; lastKnownFileType = text.xcconfig; name = "Pods-Pokemon_App.debug.xcconfig"; path = "Target Support Files/Pods-Pokemon_App/Pods-Pokemon_App.debug.xcconfig"; sourceTree = "<group>"; };
		884AC83A52F446A0C02D6F63 /* Pods_Pokemon_App.framework */ = {isa = PBXFileReference; explicitFileType = wrapper.framework; includeInIndex = 0; path = Pods_Pokemon_App.framework; sourceTree = BUILT_PRODUCTS_DIR; };
		C39C1482024EA14EF16A29EF /* Pods_Pokemon_App_Pokemon_AppUITests.framework */ = {isa = PBXFileReference; explicitFileType = wrapper.framework; includeInIndex = 0; path = Pods_Pokemon_App_Pokemon_AppUITests.framework; sourceTree = BUILT_PRODUCTS_DIR; };
		D882CCD89D663E123EAF01E1 /* Pods-Pokemon_App-Pokemon_AppUITests.debug.xcconfig */ = {isa = PBXFileReference; includeInIndex = 1; lastKnownFileType = text.xcconfig; name = "Pods-Pokemon_App-Pokemon_AppUITests.debug.xcconfig"; path = "Target Support Files/Pods-Pokemon_App-Pokemon_AppUITests/Pods-Pokemon_App-Pokemon_AppUITests.debug.xcconfig"; sourceTree = "<group>"; };
/* End PBXFileReference section */

/* Begin PBXFrameworksBuildPhase section */
		6F6FA89D2C60C7AD0034E332 /* Frameworks */ = {
			isa = PBXFrameworksBuildPhase;
			buildActionMask = 2147483647;
			files = (
				6127BAB80675444E42A33801 /* Pods_Pokemon_App.framework in Frameworks */,
			);
			runOnlyForDeploymentPostprocessing = 0;
		};
		6F6FA8B32C60C7AF0034E332 /* Frameworks */ = {
			isa = PBXFrameworksBuildPhase;
			buildActionMask = 2147483647;
			files = (
				A3D5B8FF44B1CCA628F491C9 /* Pods_Pokemon_AppTests.framework in Frameworks */,
			);
			runOnlyForDeploymentPostprocessing = 0;
		};
		6F6FA8BD2C60C7AF0034E332 /* Frameworks */ = {
			isa = PBXFrameworksBuildPhase;
			buildActionMask = 2147483647;
			files = (
				F755199260E680B566C9FECB /* Pods_Pokemon_App_Pokemon_AppUITests.framework in Frameworks */,
			);
			runOnlyForDeploymentPostprocessing = 0;
		};
/* End PBXFrameworksBuildPhase section */

/* Begin PBXGroup section */
		1EA7312D024B9D361C320A61 /* Pods */ = {
			isa = PBXGroup;
			children = (
				804BDBBAD0C5B54D2807BF75 /* Pods-Pokemon_App.debug.xcconfig */,
				50298E3DF5D87B8838C5CB82 /* Pods-Pokemon_App.release.xcconfig */,
				D882CCD89D663E123EAF01E1 /* Pods-Pokemon_App-Pokemon_AppUITests.debug.xcconfig */,
				40ED3F4DAB335F0645BE0968 /* Pods-Pokemon_App-Pokemon_AppUITests.release.xcconfig */,
				43C01C35E4345B10B678FAF3 /* Pods-Pokemon_AppTests.debug.xcconfig */,
				0BD31360EAEC7E979CFD64FC /* Pods-Pokemon_AppTests.release.xcconfig */,
			);
			path = Pods;
			sourceTree = "<group>";
		};
		6F6FA8972C60C7AD0034E332 = {
			isa = PBXGroup;
			children = (
				6F6FA8A22C60C7AD0034E332 /* Pokemon_App */,
				6F6FA8B92C60C7AF0034E332 /* Pokemon_AppTests */,
				6F6FA8C32C60C7AF0034E332 /* Pokemon_AppUITests */,
				6F6FA8A12C60C7AD0034E332 /* Products */,
				1EA7312D024B9D361C320A61 /* Pods */,
				AA2F81686CEA7684E3C98908 /* Frameworks */,
			);
			sourceTree = "<group>";
		};
		6F6FA8A12C60C7AD0034E332 /* Products */ = {
			isa = PBXGroup;
			children = (
				6F6FA8A02C60C7AD0034E332 /* Pokemon_App.app */,
				6F6FA8B62C60C7AF0034E332 /* Pokemon_AppTests.xctest */,
				6F6FA8C02C60C7AF0034E332 /* Pokemon_AppUITests.xctest */,
			);
			name = Products;
			sourceTree = "<group>";
		};
		6F6FA8A22C60C7AD0034E332 /* Pokemon_App */ = {
			isa = PBXGroup;
			children = (
				6FF69F1E2C64D3BF00C3714D /* Delegates */,
				6FF69F152C64D2D800C3714D /* Screens */,
				6FF69F142C64D2A900C3714D /* SplashScreen */,
				6FF69F1F2C64D40200C3714D /* Network */,
				6F6FA8A92C60C7AD0034E332 /* Main.storyboard */,
				6FE522CF2C63A0A0003E2F05 /* Pikachu_Logo.gif */,
				6FD7252B2C66490F0030DA5E /* Poke_Main_logo.gif */,
				6FF69F0D2C64C3A500C3714D /* No Internet.gif */,
				6F6FA8AC2C60C7AF0034E332 /* Assets.xcassets */,
				6F6FA8B12C60C7AF0034E332 /* Info.plist */,
			);
			path = Pokemon_App;
			sourceTree = "<group>";
		};
		6F6FA8B92C60C7AF0034E332 /* Pokemon_AppTests */ = {
			isa = PBXGroup;
			children = (
				6F6FA8BA2C60C7AF0034E332 /* Pokemon_AppTests.swift */,
				6FF69F222C64F09E00C3714D /* ViewControllerTest.swift */,
				6FF69F242C65D15500C3714D /* DetailViewTest.swift */,
			);
			path = Pokemon_AppTests;
			sourceTree = "<group>";
		};
		6F6FA8C32C60C7AF0034E332 /* Pokemon_AppUITests */ = {
			isa = PBXGroup;
			children = (
				6F6FA8C42C60C7AF0034E332 /* Pokemon_AppUITests.swift */,
				6F6FA8C62C60C7AF0034E332 /* Pokemon_AppUITestsLaunchTests.swift */,
			);
			path = Pokemon_AppUITests;
			sourceTree = "<group>";
		};
		6FF69F142C64D2A900C3714D /* SplashScreen */ = {
			isa = PBXGroup;
			children = (
				6F818D822C6334FA00FE4783 /* SplashScreen.swift */,
			);
			path = SplashScreen;
			sourceTree = "<group>";
		};
		6FF69F152C64D2D800C3714D /* Screens */ = {
			isa = PBXGroup;
			children = (
				6FF69F162C64D2EC00C3714D /* HomePage */,
				6FF69F172C64D30800C3714D /* DetailsPage */,
			);
			path = Screens;
			sourceTree = "<group>";
		};
		6FF69F162C64D2EC00C3714D /* HomePage */ = {
			isa = PBXGroup;
			children = (
				6F6FA8A72C60C7AD0034E332 /* ViewController.swift */,
				6F6FA8D32C60C9EF0034E332 /* TableViewCell.swift */,
			);
			path = HomePage;
			sourceTree = "<group>";
		};
		6FF69F172C64D30800C3714D /* DetailsPage */ = {
			isa = PBXGroup;
			children = (
				6F6FA8D52C60CB0D0034E332 /* DetailsView.swift */,
				6F85D86C2C634876003D95E7 /* CollectionViewCell.swift */,
			);
			path = DetailsPage;
			sourceTree = "<group>";
		};
		6FF69F1E2C64D3BF00C3714D /* Delegates */ = {
			isa = PBXGroup;
			children = (
				6F6FA8A32C60C7AD0034E332 /* AppDelegate.swift */,
				6F6FA8A52C60C7AD0034E332 /* SceneDelegate.swift */,
			);
			path = Delegates;
			sourceTree = "<group>";
		};
		6FF69F1F2C64D40200C3714D /* Network */ = {
			isa = PBXGroup;
			children = (
				6FF69F102C64CE4A00C3714D /* CheckNetwork.swift */,
				6FF69F092C64C22C00C3714D /* NetworkReach.swift */,
				6FF69F122C64CF8100C3714D /* NoNet.swift */,
			);
			path = Network;
			sourceTree = "<group>";
		};
		AA2F81686CEA7684E3C98908 /* Frameworks */ = {
			isa = PBXGroup;
			children = (
				884AC83A52F446A0C02D6F63 /* Pods_Pokemon_App.framework */,
				C39C1482024EA14EF16A29EF /* Pods_Pokemon_App_Pokemon_AppUITests.framework */,
				7E37499F944B0649089A4641 /* Pods_Pokemon_AppTests.framework */,
			);
			name = Frameworks;
			sourceTree = "<group>";
		};
/* End PBXGroup section */

/* Begin PBXNativeTarget section */
		6F6FA89F2C60C7AD0034E332 /* Pokemon_App */ = {
			isa = PBXNativeTarget;
			buildConfigurationList = 6F6FA8CA2C60C7AF0034E332 /* Build configuration list for PBXNativeTarget "Pokemon_App" */;
			buildPhases = (
				0C53A049A30B81A3DE7516CA /* [CP] Check Pods Manifest.lock */,
				6F6FA89C2C60C7AD0034E332 /* Sources */,
				6F6FA89D2C60C7AD0034E332 /* Frameworks */,
				6F6FA89E2C60C7AD0034E332 /* Resources */,
				1DB2A85C539BBD4D1AB3E458 /* [CP] Embed Pods Frameworks */,
			);
			buildRules = (
			);
			dependencies = (
			);
			name = Pokemon_App;
			productName = Pokemon_App;
			productReference = 6F6FA8A02C60C7AD0034E332 /* Pokemon_App.app */;
			productType = "com.apple.product-type.application";
		};
		6F6FA8B52C60C7AF0034E332 /* Pokemon_AppTests */ = {
			isa = PBXNativeTarget;
			buildConfigurationList = 6F6FA8CD2C60C7AF0034E332 /* Build configuration list for PBXNativeTarget "Pokemon_AppTests" */;
			buildPhases = (
				88AD93A95A3FF2915C0619E9 /* [CP] Check Pods Manifest.lock */,
				6F6FA8B22C60C7AF0034E332 /* Sources */,
				6F6FA8B32C60C7AF0034E332 /* Frameworks */,
				6F6FA8B42C60C7AF0034E332 /* Resources */,
			);
			buildRules = (
			);
			dependencies = (
				6F6FA8B82C60C7AF0034E332 /* PBXTargetDependency */,
			);
			name = Pokemon_AppTests;
			productName = Pokemon_AppTests;
			productReference = 6F6FA8B62C60C7AF0034E332 /* Pokemon_AppTests.xctest */;
			productType = "com.apple.product-type.bundle.unit-test";
		};
		6F6FA8BF2C60C7AF0034E332 /* Pokemon_AppUITests */ = {
			isa = PBXNativeTarget;
			buildConfigurationList = 6F6FA8D02C60C7AF0034E332 /* Build configuration list for PBXNativeTarget "Pokemon_AppUITests" */;
			buildPhases = (
				3DB264C020CAB869DC3CB06E /* [CP] Check Pods Manifest.lock */,
				6F6FA8BC2C60C7AF0034E332 /* Sources */,
				6F6FA8BD2C60C7AF0034E332 /* Frameworks */,
				6F6FA8BE2C60C7AF0034E332 /* Resources */,
				FD9092A5885E1D0A8B98EF3E /* [CP] Embed Pods Frameworks */,
			);
			buildRules = (
			);
			dependencies = (
				6F6FA8C22C60C7AF0034E332 /* PBXTargetDependency */,
			);
			name = Pokemon_AppUITests;
			productName = Pokemon_AppUITests;
			productReference = 6F6FA8C02C60C7AF0034E332 /* Pokemon_AppUITests.xctest */;
			productType = "com.apple.product-type.bundle.ui-testing";
		};
/* End PBXNativeTarget section */

/* Begin PBXProject section */
		6F6FA8982C60C7AD0034E332 /* Project object */ = {
			isa = PBXProject;
			attributes = {
				BuildIndependentTargetsInParallel = 1;
				LastSwiftUpdateCheck = 1530;
				LastUpgradeCheck = 1530;
				TargetAttributes = {
					6F6FA89F2C60C7AD0034E332 = {
						CreatedOnToolsVersion = 15.3;
					};
					6F6FA8B52C60C7AF0034E332 = {
						CreatedOnToolsVersion = 15.3;
						TestTargetID = 6F6FA89F2C60C7AD0034E332;
					};
					6F6FA8BF2C60C7AF0034E332 = {
						CreatedOnToolsVersion = 15.3;
						TestTargetID = 6F6FA89F2C60C7AD0034E332;
					};
				};
			};
			buildConfigurationList = 6F6FA89B2C60C7AD0034E332 /* Build configuration list for PBXProject "Pokemon_App" */;
			compatibilityVersion = "Xcode 14.0";
			developmentRegion = en;
			hasScannedForEncodings = 0;
			knownRegions = (
				en,
				Base,
			);
			mainGroup = 6F6FA8972C60C7AD0034E332;
			productRefGroup = 6F6FA8A12C60C7AD0034E332 /* Products */;
			projectDirPath = "";
			projectRoot = "";
			targets = (
				6F6FA89F2C60C7AD0034E332 /* Pokemon_App */,
				6F6FA8B52C60C7AF0034E332 /* Pokemon_AppTests */,
				6F6FA8BF2C60C7AF0034E332 /* Pokemon_AppUITests */,
			);
		};
/* End PBXProject section */

/* Begin PBXResourcesBuildPhase section */
		6F6FA89E2C60C7AD0034E332 /* Resources */ = {
			isa = PBXResourcesBuildPhase;
			buildActionMask = 2147483647;
			files = (
				6F6FA8AD2C60C7AF0034E332 /* Assets.xcassets in Resources */,
				6FE522D02C63A0A0003E2F05 /* Pikachu_Logo.gif in Resources */,
				6FD7252C2C66490F0030DA5E /* Poke_Main_logo.gif in Resources */,
				6FF69F0E2C64C3A500C3714D /* No Internet.gif in Resources */,
				6F6FA8AB2C60C7AD0034E332 /* Base in Resources */,
			);
			runOnlyForDeploymentPostprocessing = 0;
		};
		6F6FA8B42C60C7AF0034E332 /* Resources */ = {
			isa = PBXResourcesBuildPhase;
			buildActionMask = 2147483647;
			files = (
			);
			runOnlyForDeploymentPostprocessing = 0;
		};
		6F6FA8BE2C60C7AF0034E332 /* Resources */ = {
			isa = PBXResourcesBuildPhase;
			buildActionMask = 2147483647;
			files = (
			);
			runOnlyForDeploymentPostprocessing = 0;
		};
/* End PBXResourcesBuildPhase section */

/* Begin PBXShellScriptBuildPhase section */
		0C53A049A30B81A3DE7516CA /* [CP] Check Pods Manifest.lock */ = {
			isa = PBXShellScriptBuildPhase;
			buildActionMask = 2147483647;
			files = (
			);
			inputFileListPaths = (
			);
			inputPaths = (
				"${PODS_PODFILE_DIR_PATH}/Podfile.lock",
				"${PODS_ROOT}/Manifest.lock",
			);
			name = "[CP] Check Pods Manifest.lock";
			outputFileListPaths = (
			);
			outputPaths = (
				"$(DERIVED_FILE_DIR)/Pods-Pokemon_App-checkManifestLockResult.txt",
			);
			runOnlyForDeploymentPostprocessing = 0;
			shellPath = /bin/sh;
			shellScript = "diff \"${PODS_PODFILE_DIR_PATH}/Podfile.lock\" \"${PODS_ROOT}/Manifest.lock\" > /dev/null\nif [ $? != 0 ] ; then\n    # print error to STDERR\n    echo \"error: The sandbox is not in sync with the Podfile.lock. Run 'pod install' or update your CocoaPods installation.\" >&2\n    exit 1\nfi\n# This output is used by Xcode 'outputs' to avoid re-running this script phase.\necho \"SUCCESS\" > \"${SCRIPT_OUTPUT_FILE_0}\"\n";
			showEnvVarsInLog = 0;
		};
		1DB2A85C539BBD4D1AB3E458 /* [CP] Embed Pods Frameworks */ = {
			isa = PBXShellScriptBuildPhase;
			buildActionMask = 2147483647;
			files = (
			);
			inputFileListPaths = (
				"${PODS_ROOT}/Target Support Files/Pods-Pokemon_App/Pods-Pokemon_App-frameworks-${CONFIGURATION}-input-files.xcfilelist",
			);
			name = "[CP] Embed Pods Frameworks";
			outputFileListPaths = (
				"${PODS_ROOT}/Target Support Files/Pods-Pokemon_App/Pods-Pokemon_App-frameworks-${CONFIGURATION}-output-files.xcfilelist",
			);
			runOnlyForDeploymentPostprocessing = 0;
			shellPath = /bin/sh;
			shellScript = "\"${PODS_ROOT}/Target Support Files/Pods-Pokemon_App/Pods-Pokemon_App-frameworks.sh\"\n";
			showEnvVarsInLog = 0;
		};
		3DB264C020CAB869DC3CB06E /* [CP] Check Pods Manifest.lock */ = {
			isa = PBXShellScriptBuildPhase;
			buildActionMask = 2147483647;
			files = (
			);
			inputFileListPaths = (
			);
			inputPaths = (
				"${PODS_PODFILE_DIR_PATH}/Podfile.lock",
				"${PODS_ROOT}/Manifest.lock",
			);
			name = "[CP] Check Pods Manifest.lock";
			outputFileListPaths = (
			);
			outputPaths = (
				"$(DERIVED_FILE_DIR)/Pods-Pokemon_App-Pokemon_AppUITests-checkManifestLockResult.txt",
			);
			runOnlyForDeploymentPostprocessing = 0;
			shellPath = /bin/sh;
			shellScript = "diff \"${PODS_PODFILE_DIR_PATH}/Podfile.lock\" \"${PODS_ROOT}/Manifest.lock\" > /dev/null\nif [ $? != 0 ] ; then\n    # print error to STDERR\n    echo \"error: The sandbox is not in sync with the Podfile.lock. Run 'pod install' or update your CocoaPods installation.\" >&2\n    exit 1\nfi\n# This output is used by Xcode 'outputs' to avoid re-running this script phase.\necho \"SUCCESS\" > \"${SCRIPT_OUTPUT_FILE_0}\"\n";
			showEnvVarsInLog = 0;
		};
		88AD93A95A3FF2915C0619E9 /* [CP] Check Pods Manifest.lock */ = {
			isa = PBXShellScriptBuildPhase;
			buildActionMask = 2147483647;
			files = (
			);
			inputFileListPaths = (
			);
			inputPaths = (
				"${PODS_PODFILE_DIR_PATH}/Podfile.lock",
				"${PODS_ROOT}/Manifest.lock",
			);
			name = "[CP] Check Pods Manifest.lock";
			outputFileListPaths = (
			);
			outputPaths = (
				"$(DERIVED_FILE_DIR)/Pods-Pokemon_AppTests-checkManifestLockResult.txt",
			);
			runOnlyForDeploymentPostprocessing = 0;
			shellPath = /bin/sh;
			shellScript = "diff \"${PODS_PODFILE_DIR_PATH}/Podfile.lock\" \"${PODS_ROOT}/Manifest.lock\" > /dev/null\nif [ $? != 0 ] ; then\n    # print error to STDERR\n    echo \"error: The sandbox is not in sync with the Podfile.lock. Run 'pod install' or update your CocoaPods installation.\" >&2\n    exit 1\nfi\n# This output is used by Xcode 'outputs' to avoid re-running this script phase.\necho \"SUCCESS\" > \"${SCRIPT_OUTPUT_FILE_0}\"\n";
			showEnvVarsInLog = 0;
		};
		FD9092A5885E1D0A8B98EF3E /* [CP] Embed Pods Frameworks */ = {
			isa = PBXShellScriptBuildPhase;
			buildActionMask = 2147483647;
			files = (
			);
			inputFileListPaths = (
				"${PODS_ROOT}/Target Support Files/Pods-Pokemon_App-Pokemon_AppUITests/Pods-Pokemon_App-Pokemon_AppUITests-frameworks-${CONFIGURATION}-input-files.xcfilelist",
			);
			name = "[CP] Embed Pods Frameworks";
			outputFileListPaths = (
				"${PODS_ROOT}/Target Support Files/Pods-Pokemon_App-Pokemon_AppUITests/Pods-Pokemon_App-Pokemon_AppUITests-frameworks-${CONFIGURATION}-output-files.xcfilelist",
			);
			runOnlyForDeploymentPostprocessing = 0;
			shellPath = /bin/sh;
			shellScript = "\"${PODS_ROOT}/Target Support Files/Pods-Pokemon_App-Pokemon_AppUITests/Pods-Pokemon_App-Pokemon_AppUITests-frameworks.sh\"\n";
			showEnvVarsInLog = 0;
		};
/* End PBXShellScriptBuildPhase section */

/* Begin PBXSourcesBuildPhase section */
		6F6FA89C2C60C7AD0034E332 /* Sources */ = {
			isa = PBXSourcesBuildPhase;
			buildActionMask = 2147483647;
			files = (
				6FF69F132C64CF8100C3714D /* NoNet.swift in Sources */,
				6FF69F112C64CE4A00C3714D /* CheckNetwork.swift in Sources */,
				6F818D832C6334FA00FE4783 /* SplashScreen.swift in Sources */,
				6F6FA8A82C60C7AD0034E332 /* ViewController.swift in Sources */,
				6FF69F0F2C64C44600C3714D /* NetworkReach.swift in Sources */,
				6F6FA8D62C60CB0D0034E332 /* DetailsView.swift in Sources */,
				6F85D86D2C634876003D95E7 /* CollectionViewCell.swift in Sources */,
				6F6FA8D42C60C9EF0034E332 /* TableViewCell.swift in Sources */,
				6F6FA8A42C60C7AD0034E332 /* AppDelegate.swift in Sources */,
				6F6FA8A62C60C7AD0034E332 /* SceneDelegate.swift in Sources */,
			);
			runOnlyForDeploymentPostprocessing = 0;
		};
		6F6FA8B22C60C7AF0034E332 /* Sources */ = {
			isa = PBXSourcesBuildPhase;
			buildActionMask = 2147483647;
			files = (
				6FF69F232C64F09E00C3714D /* ViewControllerTest.swift in Sources */,
				6FF69F252C65D15500C3714D /* DetailViewTest.swift in Sources */,
				6F6FA8BB2C60C7AF0034E332 /* Pokemon_AppTests.swift in Sources */,
			);
			runOnlyForDeploymentPostprocessing = 0;
		};
		6F6FA8BC2C60C7AF0034E332 /* Sources */ = {
			isa = PBXSourcesBuildPhase;
			buildActionMask = 2147483647;
			files = (
				6F6FA8C72C60C7AF0034E332 /* Pokemon_AppUITestsLaunchTests.swift in Sources */,
				6F6FA8C52C60C7AF0034E332 /* Pokemon_AppUITests.swift in Sources */,
			);
			runOnlyForDeploymentPostprocessing = 0;
		};
/* End PBXSourcesBuildPhase section */

/* Begin PBXTargetDependency section */
		6F6FA8B82C60C7AF0034E332 /* PBXTargetDependency */ = {
			isa = PBXTargetDependency;
			target = 6F6FA89F2C60C7AD0034E332 /* Pokemon_App */;
			targetProxy = 6F6FA8B72C60C7AF0034E332 /* PBXContainerItemProxy */;
		};
		6F6FA8C22C60C7AF0034E332 /* PBXTargetDependency */ = {
			isa = PBXTargetDependency;
			target = 6F6FA89F2C60C7AD0034E332 /* Pokemon_App */;
			targetProxy = 6F6FA8C12C60C7AF0034E332 /* PBXContainerItemProxy */;
		};
/* End PBXTargetDependency section */

/* Begin PBXVariantGroup section */
		6F6FA8A92C60C7AD0034E332 /* Main.storyboard */ = {
			isa = PBXVariantGroup;
			children = (
				6F6FA8AA2C60C7AD0034E332 /* Base */,
			);
			name = Main.storyboard;
			sourceTree = "<group>";
		};
/* End PBXVariantGroup section */

/* Begin XCBuildConfiguration section */
		6F6FA8C82C60C7AF0034E332 /* Debug */ = {
			isa = XCBuildConfiguration;
			buildSettings = {
				ALWAYS_SEARCH_USER_PATHS = NO;
				ASSETCATALOG_COMPILER_GENERATE_SWIFT_ASSET_SYMBOL_EXTENSIONS = YES;
				CLANG_ANALYZER_NONNULL = YES;
				CLANG_ANALYZER_NUMBER_OBJECT_CONVERSION = YES_AGGRESSIVE;
				CLANG_CXX_LANGUAGE_STANDARD = "gnu++20";
				CLANG_ENABLE_MODULES = YES;
				CLANG_ENABLE_OBJC_ARC = YES;
				CLANG_ENABLE_OBJC_WEAK = YES;
				CLANG_WARN_BLOCK_CAPTURE_AUTORELEASING = YES;
				CLANG_WARN_BOOL_CONVERSION = YES;
				CLANG_WARN_COMMA = YES;
				CLANG_WARN_CONSTANT_CONVERSION = YES;
				CLANG_WARN_DEPRECATED_OBJC_IMPLEMENTATIONS = YES;
				CLANG_WARN_DIRECT_OBJC_ISA_USAGE = YES_ERROR;
				CLANG_WARN_DOCUMENTATION_COMMENTS = YES;
				CLANG_WARN_EMPTY_BODY = YES;
				CLANG_WARN_ENUM_CONVERSION = YES;
				CLANG_WARN_INFINITE_RECURSION = YES;
				CLANG_WARN_INT_CONVERSION = YES;
				CLANG_WARN_NON_LITERAL_NULL_CONVERSION = YES;
				CLANG_WARN_OBJC_IMPLICIT_RETAIN_SELF = YES;
				CLANG_WARN_OBJC_LITERAL_CONVERSION = YES;
				CLANG_WARN_OBJC_ROOT_CLASS = YES_ERROR;
				CLANG_WARN_QUOTED_INCLUDE_IN_FRAMEWORK_HEADER = YES;
				CLANG_WARN_RANGE_LOOP_ANALYSIS = YES;
				CLANG_WARN_STRICT_PROTOTYPES = YES;
				CLANG_WARN_SUSPICIOUS_MOVE = YES;
				CLANG_WARN_UNGUARDED_AVAILABILITY = YES_AGGRESSIVE;
				CLANG_WARN_UNREACHABLE_CODE = YES;
				CLANG_WARN__DUPLICATE_METHOD_MATCH = YES;
				COPY_PHASE_STRIP = NO;
				DEBUG_INFORMATION_FORMAT = dwarf;
				ENABLE_STRICT_OBJC_MSGSEND = YES;
				ENABLE_TESTABILITY = YES;
				ENABLE_USER_SCRIPT_SANDBOXING = NO;
				GCC_C_LANGUAGE_STANDARD = gnu17;
				GCC_DYNAMIC_NO_PIC = NO;
				GCC_NO_COMMON_BLOCKS = YES;
				GCC_OPTIMIZATION_LEVEL = 0;
				GCC_PREPROCESSOR_DEFINITIONS = (
					"DEBUG=1",
					"$(inherited)",
				);
				GCC_WARN_64_TO_32_BIT_CONVERSION = YES;
				GCC_WARN_ABOUT_RETURN_TYPE = YES_ERROR;
				GCC_WARN_UNDECLARED_SELECTOR = YES;
				GCC_WARN_UNINITIALIZED_AUTOS = YES_AGGRESSIVE;
				GCC_WARN_UNUSED_FUNCTION = YES;
				GCC_WARN_UNUSED_VARIABLE = YES;
				IPHONEOS_DEPLOYMENT_TARGET = 17.4;
				LOCALIZATION_PREFERS_STRING_CATALOGS = YES;
				MTL_ENABLE_DEBUG_INFO = INCLUDE_SOURCE;
				MTL_FAST_MATH = YES;
				ONLY_ACTIVE_ARCH = YES;
				SDKROOT = iphoneos;
				SWIFT_ACTIVE_COMPILATION_CONDITIONS = "DEBUG $(inherited)";
				SWIFT_OPTIMIZATION_LEVEL = "-Onone";
			};
			name = Debug;
		};
		6F6FA8C92C60C7AF0034E332 /* Release */ = {
			isa = XCBuildConfiguration;
			buildSettings = {
				ALWAYS_SEARCH_USER_PATHS = NO;
				ASSETCATALOG_COMPILER_GENERATE_SWIFT_ASSET_SYMBOL_EXTENSIONS = YES;
				CLANG_ANALYZER_NONNULL = YES;
				CLANG_ANALYZER_NUMBER_OBJECT_CONVERSION = YES_AGGRESSIVE;
				CLANG_CXX_LANGUAGE_STANDARD = "gnu++20";
				CLANG_ENABLE_MODULES = YES;
				CLANG_ENABLE_OBJC_ARC = YES;
				CLANG_ENABLE_OBJC_WEAK = YES;
				CLANG_WARN_BLOCK_CAPTURE_AUTORELEASING = YES;
				CLANG_WARN_BOOL_CONVERSION = YES;
				CLANG_WARN_COMMA = YES;
				CLANG_WARN_CONSTANT_CONVERSION = YES;
				CLANG_WARN_DEPRECATED_OBJC_IMPLEMENTATIONS = YES;
				CLANG_WARN_DIRECT_OBJC_ISA_USAGE = YES_ERROR;
				CLANG_WARN_DOCUMENTATION_COMMENTS = YES;
				CLANG_WARN_EMPTY_BODY = YES;
				CLANG_WARN_ENUM_CONVERSION = YES;
				CLANG_WARN_INFINITE_RECURSION = YES;
				CLANG_WARN_INT_CONVERSION = YES;
				CLANG_WARN_NON_LITERAL_NULL_CONVERSION = YES;
				CLANG_WARN_OBJC_IMPLICIT_RETAIN_SELF = YES;
				CLANG_WARN_OBJC_LITERAL_CONVERSION = YES;
				CLANG_WARN_OBJC_ROOT_CLASS = YES_ERROR;
				CLANG_WARN_QUOTED_INCLUDE_IN_FRAMEWORK_HEADER = YES;
				CLANG_WARN_RANGE_LOOP_ANALYSIS = YES;
				CLANG_WARN_STRICT_PROTOTYPES = YES;
				CLANG_WARN_SUSPICIOUS_MOVE = YES;
				CLANG_WARN_UNGUARDED_AVAILABILITY = YES_AGGRESSIVE;
				CLANG_WARN_UNREACHABLE_CODE = YES;
				CLANG_WARN__DUPLICATE_METHOD_MATCH = YES;
				COPY_PHASE_STRIP = NO;
				DEBUG_INFORMATION_FORMAT = "dwarf-with-dsym";
				ENABLE_NS_ASSERTIONS = NO;
				ENABLE_STRICT_OBJC_MSGSEND = YES;
				ENABLE_USER_SCRIPT_SANDBOXING = NO;
				GCC_C_LANGUAGE_STANDARD = gnu17;
				GCC_NO_COMMON_BLOCKS = YES;
				GCC_WARN_64_TO_32_BIT_CONVERSION = YES;
				GCC_WARN_ABOUT_RETURN_TYPE = YES_ERROR;
				GCC_WARN_UNDECLARED_SELECTOR = YES;
				GCC_WARN_UNINITIALIZED_AUTOS = YES_AGGRESSIVE;
				GCC_WARN_UNUSED_FUNCTION = YES;
				GCC_WARN_UNUSED_VARIABLE = YES;
				IPHONEOS_DEPLOYMENT_TARGET = 17.4;
				LOCALIZATION_PREFERS_STRING_CATALOGS = YES;
				MTL_ENABLE_DEBUG_INFO = NO;
				MTL_FAST_MATH = YES;
				SDKROOT = iphoneos;
				SWIFT_COMPILATION_MODE = wholemodule;
				VALIDATE_PRODUCT = YES;
			};
			name = Release;
		};
		6F6FA8CB2C60C7AF0034E332 /* Debug */ = {
			isa = XCBuildConfiguration;
			baseConfigurationReference = 804BDBBAD0C5B54D2807BF75 /* Pods-Pokemon_App.debug.xcconfig */;
			buildSettings = {
				ASSETCATALOG_COMPILER_APPICON_NAME = AppIcon;
				ASSETCATALOG_COMPILER_GLOBAL_ACCENT_COLOR_NAME = AccentColor;
				CODE_SIGN_STYLE = Automatic;
				CURRENT_PROJECT_VERSION = 1;
				DEVELOPMENT_TEAM = 745N9NAXS4;
				ENABLE_USER_SCRIPT_SANDBOXING = NO;
				GENERATE_INFOPLIST_FILE = YES;
				INFOPLIST_FILE = Pokemon_App/Info.plist;
				INFOPLIST_KEY_UIApplicationSupportsIndirectInputEvents = YES;
				INFOPLIST_KEY_UILaunchStoryboardName = LaunchScreen;
				INFOPLIST_KEY_UIMainStoryboardFile = Main;
				INFOPLIST_KEY_UISupportedInterfaceOrientations = UIInterfaceOrientationPortrait;
				INFOPLIST_KEY_UISupportedInterfaceOrientations_iPad = "UIInterfaceOrientationLandscapeLeft UIInterfaceOrientationLandscapeRight UIInterfaceOrientationPortrait UIInterfaceOrientationPortraitUpsideDown";
				IPHONEOS_DEPLOYMENT_TARGET = 16.4;
				LD_RUNPATH_SEARCH_PATHS = (
					"$(inherited)",
					"@executable_path/Frameworks",
				);
				MARKETING_VERSION = 1.0;
				PRODUCT_BUNDLE_IDENTIFIER = "e2.Pokemon-App";
				PRODUCT_NAME = "$(TARGET_NAME)";
				SWIFT_EMIT_LOC_STRINGS = YES;
				SWIFT_VERSION = 5.0;
				TARGETED_DEVICE_FAMILY = "1,2";
			};
			name = Debug;
		};
		6F6FA8CC2C60C7AF0034E332 /* Release */ = {
			isa = XCBuildConfiguration;
			baseConfigurationReference = 50298E3DF5D87B8838C5CB82 /* Pods-Pokemon_App.release.xcconfig */;
			buildSettings = {
				ASSETCATALOG_COMPILER_APPICON_NAME = AppIcon;
				ASSETCATALOG_COMPILER_GLOBAL_ACCENT_COLOR_NAME = AccentColor;
				CODE_SIGN_STYLE = Automatic;
				CURRENT_PROJECT_VERSION = 1;
				DEVELOPMENT_TEAM = 745N9NAXS4;
				ENABLE_USER_SCRIPT_SANDBOXING = NO;
				GENERATE_INFOPLIST_FILE = YES;
				INFOPLIST_FILE = Pokemon_App/Info.plist;
				INFOPLIST_KEY_UIApplicationSupportsIndirectInputEvents = YES;
				INFOPLIST_KEY_UILaunchStoryboardName = LaunchScreen;
				INFOPLIST_KEY_UIMainStoryboardFile = Main;
				INFOPLIST_KEY_UISupportedInterfaceOrientations = UIInterfaceOrientationPortrait;
				INFOPLIST_KEY_UISupportedInterfaceOrientations_iPad = "UIInterfaceOrientationLandscapeLeft UIInterfaceOrientationLandscapeRight UIInterfaceOrientationPortrait UIInterfaceOrientationPortraitUpsideDown";
				IPHONEOS_DEPLOYMENT_TARGET = 16.4;
				LD_RUNPATH_SEARCH_PATHS = (
					"$(inherited)",
					"@executable_path/Frameworks",
				);
				MARKETING_VERSION = 1.0;
				PRODUCT_BUNDLE_IDENTIFIER = "e2.Pokemon-App";
				PRODUCT_NAME = "$(TARGET_NAME)";
				SWIFT_EMIT_LOC_STRINGS = YES;
				SWIFT_VERSION = 5.0;
				TARGETED_DEVICE_FAMILY = "1,2";
			};
			name = Release;
		};
		6F6FA8CE2C60C7AF0034E332 /* Debug */ = {
			isa = XCBuildConfiguration;
			baseConfigurationReference = 43C01C35E4345B10B678FAF3 /* Pods-Pokemon_AppTests.debug.xcconfig */;
			buildSettings = {
				ALWAYS_EMBED_SWIFT_STANDARD_LIBRARIES = YES;
				BUNDLE_LOADER = "$(TEST_HOST)";
				CODE_SIGN_STYLE = Automatic;
				CURRENT_PROJECT_VERSION = 1;
				GENERATE_INFOPLIST_FILE = YES;
				IPHONEOS_DEPLOYMENT_TARGET = 17.4;
				MARKETING_VERSION = 1.0;
				PRODUCT_BUNDLE_IDENTIFIER = "e2.Pokemon-AppTests";
				PRODUCT_NAME = "$(TARGET_NAME)";
				SWIFT_EMIT_LOC_STRINGS = NO;
				SWIFT_VERSION = 5.0;
				TARGETED_DEVICE_FAMILY = "1,2";
				TEST_HOST = "$(BUILT_PRODUCTS_DIR)/Pokemon_App.app/$(BUNDLE_EXECUTABLE_FOLDER_PATH)/Pokemon_App";
			};
			name = Debug;
		};
		6F6FA8CF2C60C7AF0034E332 /* Release */ = {
			isa = XCBuildConfiguration;
			baseConfigurationReference = 0BD31360EAEC7E979CFD64FC /* Pods-Pokemon_AppTests.release.xcconfig */;
			buildSettings = {
				ALWAYS_EMBED_SWIFT_STANDARD_LIBRARIES = YES;
				BUNDLE_LOADER = "$(TEST_HOST)";
				CODE_SIGN_STYLE = Automatic;
				CURRENT_PROJECT_VERSION = 1;
				GENERATE_INFOPLIST_FILE = YES;
				IPHONEOS_DEPLOYMENT_TARGET = 17.4;
				MARKETING_VERSION = 1.0;
				PRODUCT_BUNDLE_IDENTIFIER = "e2.Pokemon-AppTests";
				PRODUCT_NAME = "$(TARGET_NAME)";
				SWIFT_EMIT_LOC_STRINGS = NO;
				SWIFT_VERSION = 5.0;
				TARGETED_DEVICE_FAMILY = "1,2";
				TEST_HOST = "$(BUILT_PRODUCTS_DIR)/Pokemon_App.app/$(BUNDLE_EXECUTABLE_FOLDER_PATH)/Pokemon_App";
			};
			name = Release;
		};
		6F6FA8D12C60C7AF0034E332 /* Debug */ = {
			isa = XCBuildConfiguration;
			baseConfigurationReference = D882CCD89D663E123EAF01E1 /* Pods-Pokemon_App-Pokemon_AppUITests.debug.xcconfig */;
			buildSettings = {
				ALWAYS_EMBED_SWIFT_STANDARD_LIBRARIES = YES;
				CODE_SIGN_STYLE = Automatic;
				CURRENT_PROJECT_VERSION = 1;
				GENERATE_INFOPLIST_FILE = YES;
				MARKETING_VERSION = 1.0;
				PRODUCT_BUNDLE_IDENTIFIER = "e2.Pokemon-AppUITests";
				PRODUCT_NAME = "$(TARGET_NAME)";
				SWIFT_EMIT_LOC_STRINGS = NO;
				SWIFT_VERSION = 5.0;
				TARGETED_DEVICE_FAMILY = "1,2";
				TEST_TARGET_NAME = Pokemon_App;
			};
			name = Debug;
		};
		6F6FA8D22C60C7AF0034E332 /* Release */ = {
			isa = XCBuildConfiguration;
			baseConfigurationReference = 40ED3F4DAB335F0645BE0968 /* Pods-Pokemon_App-Pokemon_AppUITests.release.xcconfig */;
			buildSettings = {
				ALWAYS_EMBED_SWIFT_STANDARD_LIBRARIES = YES;
				CODE_SIGN_STYLE = Automatic;
				CURRENT_PROJECT_VERSION = 1;
				GENERATE_INFOPLIST_FILE = YES;
				MARKETING_VERSION = 1.0;
				PRODUCT_BUNDLE_IDENTIFIER = "e2.Pokemon-AppUITests";
				PRODUCT_NAME = "$(TARGET_NAME)";
				SWIFT_EMIT_LOC_STRINGS = NO;
				SWIFT_VERSION = 5.0;
				TARGETED_DEVICE_FAMILY = "1,2";
				TEST_TARGET_NAME = Pokemon_App;
			};
			name = Release;
		};
/* End XCBuildConfiguration section */

/* Begin XCConfigurationList section */
		6F6FA89B2C60C7AD0034E332 /* Build configuration list for PBXProject "Pokemon_App" */ = {
			isa = XCConfigurationList;
			buildConfigurations = (
				6F6FA8C82C60C7AF0034E332 /* Debug */,
				6F6FA8C92C60C7AF0034E332 /* Release */,
			);
			defaultConfigurationIsVisible = 0;
			defaultConfigurationName = Release;
		};
		6F6FA8CA2C60C7AF0034E332 /* Build configuration list for PBXNativeTarget "Pokemon_App" */ = {
			isa = XCConfigurationList;
			buildConfigurations = (
				6F6FA8CB2C60C7AF0034E332 /* Debug */,
				6F6FA8CC2C60C7AF0034E332 /* Release */,
			);
			defaultConfigurationIsVisible = 0;
			defaultConfigurationName = Release;
		};
		6F6FA8CD2C60C7AF0034E332 /* Build configuration list for PBXNativeTarget "Pokemon_AppTests" */ = {
			isa = XCConfigurationList;
			buildConfigurations = (
				6F6FA8CE2C60C7AF0034E332 /* Debug */,
				6F6FA8CF2C60C7AF0034E332 /* Release */,
			);
			defaultConfigurationIsVisible = 0;
			defaultConfigurationName = Release;
		};
		6F6FA8D02C60C7AF0034E332 /* Build configuration list for PBXNativeTarget "Pokemon_AppUITests" */ = {
			isa = XCConfigurationList;
			buildConfigurations = (
				6F6FA8D12C60C7AF0034E332 /* Debug */,
				6F6FA8D22C60C7AF0034E332 /* Release */,
			);
			defaultConfigurationIsVisible = 0;
			defaultConfigurationName = Release;
		};
/* End XCConfigurationList section */
	};
	rootObject = 6F6FA8982C60C7AD0034E332 /* Project object */;
}
